// !$*UTF8*$!
{
	archiveVersion = 1;
	classes = {
	};
	objectVersion = 77;
	objects = {

/* Begin PBXFileSystemSynchronizedRootGroup section */
		A1000001000000000000000A /* WaterLight */ = {
			isa = PBXFileSystemSynchronizedRootGroup;
			path = WaterLight;
			sourceTree = "<group>";
		};
/* End PBXFileSystemSynchronizedRootGroup section */

/* Begin PBXFrameworksBuildPhase section */
		A1000001000000000000000B /* Frameworks */ = {
			isa = PBXFrameworksBuildPhase;
			buildActionMask = 2147483647;
			files = (
			);
			runOnlyForDeploymentPostprocessing = 0;
		};
/* End PBXFrameworksBuildPhase section */

/* Begin PBXNativeTarget section */
		A1000001000000000000000C /* WaterLight */ = {
			isa = PBXNativeTarget;
			buildConfigurationList = A1000001000000000000000D /* Build configuration list for PBXNativeTarget "WaterLight" */;
			buildPhases = (
				A1000001000000000000000E /* Sources */,
				A1000001000000000000000F /* Resources */,
				A1000001000000000000000B /* Frameworks */,
			);
			buildRules = (
			);
			dependencies = (
			);
			fileSystemSynchronizedGroups = (
				A1000001000000000000000A /* WaterLight */,
			);
			name = WaterLight;
			packageProductDependencies = (
			);
			productName = WaterLight;
			productReference = A10000010000000000000010 /* WaterLight.app */;
			productType = "com.apple.product-type.application";
		};
/* End PBXNativeTarget section */

/* Begin PBXProject section */
		A10000010000000000000011 /* Project object */ = {
			isa = PBXProject;
			attributes = {
				BuildIndependentTargetsInParallel = 1;
				LastSwiftUpdateCheck = 1600;
				LastUpgradeCheck = 1600;
				TargetAttributes = {
					A1000001000000000000000C = {
						CreatedOnToolsVersion = 16.0;
					};
				};
			};
			buildConfigurationList = A10000010000000000000012 /* Build configuration list for PBXProject "WaterLight" */;
			developmentRegion = en;
			hasScannedForEncodings = 0;
			knownRegions = (
				en,
				Base,
			);
			mainGroup = A10000010000000000000013;
			minimizedProjectReferenceProxies = 1;
			preferredProjectObjectVersion = 77;
			productRefGroup = A10000010000000000000014 /* Products */;
			projectDirPath = "";
			projectRoot = "";
			targets = (
				A1000001000000000000000C /* WaterLight */,
			);
		};
/* End PBXProject section */

/* Begin PBXGroup section */
		A10000010000000000000013 = {
			isa = PBXGroup;
			children = (
				A1000001000000000000000A /* WaterLight */,
				A10000010000000000000014 /* Products */,
			);
			sourceTree = "<group>";
		};
		A10000010000000000000014 /* Products */ = {
			isa = PBXGroup;
			children = (
				A10000010000000000000010 /* WaterLight.app */,
			);
			name = Products;
			sourceTree = "<group>";
		};
/* End PBXGroup section */

/* Begin PBXFileReference section */
		A10000010000000000000010 /* WaterLight.app */ = {
			isa = PBXFileReference;
			explicitFileType = wrapper.application;
			includeInIndex = 0;
			path = WaterLight.app;
			sourceTree = BUILT_PRODUCTS_DIR;
		};
/* End PBXFileReference section */

/* Begin PBXResourcesBuildPhase section */
		A1000001000000000000000F /* Resources */ = {
			isa = PBXResourcesBuildPhase;
			buildActionMask = 2147483647;
			files = (
			);
			runOnlyForDeploymentPostprocessing = 0;
		};
/* End PBXResourcesBuildPhase section */

/* Begin PBXSourcesBuildPhase section */
		A1000001000000000000000E /* Sources */ = {
			isa = PBXSourcesBuildPhase;
			buildActionMask = 2147483647;
			files = (
			);
			runOnlyForDeploymentPostprocessing = 0;
		};
/* End PBXSourcesBuildPhase section */

/* Begin XCBuildConfiguration section */
		A10000010000000000000015 /* Debug */ = {
			isa = XCBuildConfiguration;
			buildSettings = {
				ALWAYS_SEARCH_USER_PATHS = NO;
				CLANG_ENABLE_MODULES = YES;
				CLANG_ENABLE_OBJC_ARC = YES;
				DEBUG_INFORMATION_FORMAT = dwarf;
				ENABLE_TESTABILITY = YES;
				GCC_OPTIMIZATION_LEVEL = 0;
				GCC_PREPROCESSOR_DEFINITIONS = (
					"DEBUG=1",
					"$(inherited)",
				);
				ONLY_ACTIVE_ARCH = YES;
				SDKROOT = xros;
				SWIFT_ACTIVE_COMPILATION_CONDITIONS = "DEBUG $(inherited)";
				SWIFT_OPTIMIZATION_LEVEL = "-Onone";
				SWIFT_VERSION = 5.0;
				XROS_DEPLOYMENT_TARGET = 2.0;
			};
			name = Debug;
		};
		A10000010000000000000016 /* Release */ = {
			isa = XCBuildConfiguration;
			buildSettings = {
				ALWAYS_SEARCH_USER_PATHS = NO;
				CLANG_ENABLE_MODULES = YES;
				CLANG_ENABLE_OBJC_ARC = YES;
				DEBUG_INFORMATION_FORMAT = "dwarf-with-dsym";
				SDKROOT = xros;
				SWIFT_COMPILATION_MODE = wholemodule;
				SWIFT_VERSION = 5.0;
				VALIDATE_PRODUCT = YES;
				XROS_DEPLOYMENT_TARGET = 2.0;
			};
			name = Release;
		};
		A10000010000000000000017 /* Debug */ = {
			isa = XCBuildConfiguration;
			buildSettings = {
				CODE_SIGN_STYLE = Automatic;
				CURRENT_PROJECT_VERSION = 1;
				ENABLE_PREVIEWS = YES;
				GENERATE_INFOPLIST_FILE = YES;
				INFOPLIST_KEY_NSHandsTrackingUsageDescription = "손 위치로 수면의 빛을 조정합니다.";
				INFOPLIST_KEY_UIApplicationSceneManifest_Generation = YES;
				LD_RUNPATH_SEARCH_PATHS = (
					"$(inherited)",
					"@executable_path/Frameworks",
				);
				MARKETING_VERSION = 1.0;
				PRODUCT_BUNDLE_IDENTIFIER = com.example.WaterLight;
				PRODUCT_NAME = "$(TARGET_NAME)";
				SUPPORTED_PLATFORMS = "xros xrsimulator";
				SWIFT_EMIT_LOC_STRINGS = YES;
				TARGETED_DEVICE_FAMILY = 7;
			};
			name = Debug;
		};
		A10000010000000000000018 /* Release */ = {
			isa = XCBuildConfiguration;
			buildSettings = {
				CODE_SIGN_STYLE = Automatic;
				CURRENT_PROJECT_VERSION = 1;
				ENABLE_PREVIEWS = YES;
				GENERATE_INFOPLIST_FILE = YES;
				INFOPLIST_KEY_NSHandsTrackingUsageDescription = "손 위치로 수면의 빛을 조정합니다.";
				INFOPLIST_KEY_UIApplicationSceneManifest_Generation = YES;
				LD_RUNPATH_SEARCH_PATHS = (
					"$(inherited)",
					"@executable_path/Frameworks",
				);
				MARKETING_VERSION = 1.0;
				PRODUCT_BUNDLE_IDENTIFIER = com.example.WaterLight;
				PRODUCT_NAME = "$(TARGET_NAME)";
				SUPPORTED_PLATFORMS = "xros xrsimulator";
				SWIFT_EMIT_LOC_STRINGS = YES;
				TARGETED_DEVICE_FAMILY = 7;
			};
			name = Release;
		};
/* End XCBuildConfiguration section */

/* Begin XCConfigurationList section */
		A10000010000000000000012 /* Build configuration list for PBXProject "WaterLight" */ = {
			isa = XCConfigurationList;
			buildConfigurations = (
				A10000010000000000000015 /* Debug */,
				A10000010000000000000016 /* Release */,
			);
			defaultConfigurationIsVisible = 0;
			defaultConfigurationName = Release;
		};
		A1000001000000000000000D /* Build configuration list for PBXNativeTarget "WaterLight" */ = {
			isa = XCConfigurationList;
			buildConfigurations = (
				A10000010000000000000017 /* Debug */,
				A10000010000000000000018 /* Release */,
			);
			defaultConfigurationIsVisible = 0;
			defaultConfigurationName = Release;
		};
/* End XCConfigurationList section */
	};
	rootObject = A10000010000000000000011 /* Project object */;
}
